PODS:
  - amap_flutter_location (0.0.1):
    - AMapLocation
    - Flutter
  - AMapFoundation (1.7.0)
  - AMapLocation (2.9.0):
    - AMapFoundation (>= 1.7.0)
  - Flutter (1.0.0)
  - path_provider_ios (0.0.1):
    - Flutter
  - permission_handler_apple (9.0.4):
    - Flutter
  - url_launcher_ios (0.0.1):
    - Flutter
  - webview_flutter_wkwebview (0.0.1):
    - Flutter

DEPENDENCIES:
  - amap_flutter_location (from `.symlinks/plugins/amap_flutter_location/ios`)
  - Flutter (from `Flutter`)
  - path_provider_ios (from `.symlinks/plugins/path_provider_ios/ios`)
  - permission_handler_apple (from `.symlinks/plugins/permission_handler_apple/ios`)
  - url_launcher_ios (from `.symlinks/plugins/url_launcher_ios/ios`)
  - webview_flutter_wkwebview (from `.symlinks/plugins/webview_flutter_wkwebview/ios`)

SPEC REPOS:
  trunk:
    - AMapFoundation
    - AMapLocation

EXTERNAL SOURCES:
  amap_flutter_location:
    :path: ".symlinks/plugins/amap_flutter_location/ios"
  Flutter:
    :path: Flutter
  path_provider_ios:
    :path: ".symlinks/plugins/path_provider_ios/ios"
  permission_handler_apple:
    :path: ".symlinks/plugins/permission_handler_apple/ios"
  url_launcher_ios:
    :path: ".symlinks/plugins/url_launcher_ios/ios"
  webview_flutter_wkwebview:
    :path: ".symlinks/plugins/webview_flutter_wkwebview/ios"

SPEC CHECKSUMS:
  amap_flutter_location: 44ff5beb64f42e0bf5feb402fe299dac0013af6f
  AMapFoundation: c14fcebd8e4267c593bd2e25067ac86b0ce64aba
  AMapLocation: f5eb11e11c62f0f599f80b578eec8a1f70deb985
  Flutter: 50d75fe2f02b26cc09d224853bb45737f8b3214a
  path_provider_ios: 14f3d2fd28c4fdb42f44e0f751d12861c43cee02
  permission_handler_apple: 44366e37eaf29454a1e7b1b7d736c2cceaeb17ce
  url_launcher_ios: 839c58cdb4279282219f5e248c3321761ff3c4de
  webview_flutter_wkwebview: b7e70ef1ddded7e69c796c7390ee74180182971f

PODFILE CHECKSUM: a7703427ee91fde9313cacb4413ff8a92228d063

COCOAPODS: 1.11.3
